
Microsoft Visual Studio Solution File, Format Version 12.00
# Visual Studio Version 17
VisualStudioVersion = 17.7.34221.43
MinimumVisualStudioVersion = 10.0.40219.1
Project("{FAE04EC0-301F-11D3-BF4B-00C04F79EFBC}") = "Hesap Makinesi", "Hesap Makinesi\Hesap Makinesi.csproj", "{A9AA0977-1D35-4816-B8ED-C21242C0A5EA}"
EndProject
Global
	GlobalSection(SolutionConfigurationPlatforms) = preSolution
		Debug|Any CPU = Debug|Any CPU
		Release|Any CPU = Release|Any CPU
	EndGlobalSection
	GlobalSection(ProjectConfigurationPlatforms) = postSolution
		{A9AA0977-1D35-4816-B8ED-C21242C0A5EA}.Debug|Any CPU.ActiveCfg = Debug|Any CPU
		{A9AA0977-1D35-4816-B8ED-C21242C0A5EA}.Debug|Any CPU.Build.0 = Debug|Any CPU
		{A9AA0977-1D35-4816-B8ED-C21242C0A5EA}.Release|Any CPU.ActiveCfg = Release|Any CPU
		{A9AA0977-1D35-4816-B8ED-C21242C0A5EA}.Release|Any CPU.Build.0 = Release|Any CPU
	EndGlobalSection
	GlobalSection(SolutionProperties) = preSolution
		HideSolutionNode = FALSE
	EndGlobalSection
	GlobalSection(ExtensibilityGlobals) = postSolution
		SolutionGuid = {09AB09C7-6559-41D0-B12D-039AEE028772}
	EndGlobalSection
EndGlobal
